
Microsoft Visual Studio Solution File, Format Version 12.00
# Visual Studio Version 16
VisualStudioVersion = 16.0.29418.71
MinimumVisualStudioVersion = 10.0.40219.1
Project("{FAE04EC0-301F-11D3-BF4B-00C04F79EFBC}") = "LINQ Warm Up Problems", "LINQ Warm Up Problems\LINQ Warm Up Problems.csproj", "{AAC29DB7-7009-4CC1-A334-395E0D729626}"
EndProject
Global
	GlobalSection(SolutionConfigurationPlatforms) = preSolution
		Debug|Any CPU = Debug|Any CPU
		Release|Any CPU = Release|Any CPU
	EndGlobalSection
	GlobalSection(ProjectConfigurationPlatforms) = postSolution
		{AAC29DB7-7009-4CC1-A334-395E0D729626}.Debug|Any CPU.ActiveCfg = Debug|Any CPU
		{AAC29DB7-7009-4CC1-A334-395E0D729626}.Debug|Any CPU.Build.0 = Debug|Any CPU
		{AAC29DB7-7009-4CC1-A334-395E0D729626}.Release|Any CPU.ActiveCfg = Release|Any CPU
		{AAC29DB7-7009-4CC1-A334-395E0D729626}.Release|Any CPU.Build.0 = Release|Any CPU
	EndGlobalSection
	GlobalSection(SolutionProperties) = preSolution
		HideSolutionNode = FALSE
	EndGlobalSection
	GlobalSection(ExtensibilityGlobals) = postSolution
		SolutionGuid = {4E4D801A-FB68-460A-9D80-DEF2DB530105}
	EndGlobalSection
EndGlobal
